
Microsoft Visual Studio Solution File, Format Version 12.00
# Visual Studio Version 17
VisualStudioVersion = 17.14.36623.8 d17.14
MinimumVisualStudioVersion = 10.0.40219.1
Project("{FAE04EC0-301F-11D3-BF4B-00C04F79EFBC}") = "taxcalculater", "taxcalculater\taxcalculater.csproj", "{F6973889-4A4A-4BBC-8A15-073B5258A602}"
EndProject
Global
	GlobalSection(SolutionConfigurationPlatforms) = preSolution
		Debug|Any CPU = Debug|Any CPU
		Release|Any CPU = Release|Any CPU
	EndGlobalSection
	GlobalSection(ProjectConfigurationPlatforms) = postSolution
		{F6973889-4A4A-4BBC-8A15-073B5258A602}.Debug|Any CPU.ActiveCfg = Debug|Any CPU
		{F6973889-4A4A-4BBC-8A15-073B5258A602}.Debug|Any CPU.Build.0 = Debug|Any CPU
		{F6973889-4A4A-4BBC-8A15-073B5258A602}.Release|Any CPU.ActiveCfg = Release|Any CPU
		{F6973889-4A4A-4BBC-8A15-073B5258A602}.Release|Any CPU.Build.0 = Release|Any CPU
	EndGlobalSection
	GlobalSection(SolutionProperties) = preSolution
		HideSolutionNode = FALSE
	EndGlobalSection
	GlobalSection(ExtensibilityGlobals) = postSolution
		SolutionGuid = {2DE35A85-104A-4DC3-9D94-6AB6D191A4B0}
	EndGlobalSection
EndGlobal
